
Microsoft Visual Studio Solution File, Format Version 12.00
# Visual Studio Version 17
VisualStudioVersion = 17.8.34330.188
MinimumVisualStudioVersion = 10.0.40219.1
Project("{FAE04EC0-301F-11D3-BF4B-00C04F79EFBC}") = "TaskFocusAPI", "TaskFocusAPI\TaskFocusAPI.csproj", "{FE1F4E7A-06E8-4F48-ACBB-91DC5D867D5E}"
EndProject
Project("{00D1A9C2-B5F0-4AF3-8072-F6C62B433612}") = "TaskFocusData", "TaskFocusData\TaskFocusData.sqlproj", "{70248267-D0DD-4A3C-BD5A-56FDE4FE14A2}"
EndProject
Project("{FAE04EC0-301F-11D3-BF4B-00C04F79EFBC}") = "TaskFocusDesktop", "TaskFocusDesktop\TaskFocusDesktop.csproj", "{D97C5497-55B3-480A-8724-8D8649CDEAC5}"
EndProject
Project("{FAE04EC0-301F-11D3-BF4B-00C04F79EFBC}") = "TaskFocusAPI.Library", "TaskFocusAPI.Library\TaskFocusAPI.Library.csproj", "{3F5D1A65-1AE8-460D-89D5-D911F8B2D185}"
EndProject
Project("{FAE04EC0-301F-11D3-BF4B-00C04F79EFBC}") = "TaskFocusDesktop.Library", "TaskFocusDesktop.Library\TaskFocusDesktop.Library.csproj", "{BB03E567-DF4C-4BF9-99A6-B1977E6895E9}"
EndProject
Global
	GlobalSection(SolutionConfigurationPlatforms) = preSolution
		Debug|Any CPU = Debug|Any CPU
		Release|Any CPU = Release|Any CPU
	EndGlobalSection
	GlobalSection(ProjectConfigurationPlatforms) = postSolution
		{FE1F4E7A-06E8-4F48-ACBB-91DC5D867D5E}.Debug|Any CPU.ActiveCfg = Debug|Any CPU
		{FE1F4E7A-06E8-4F48-ACBB-91DC5D867D5E}.Debug|Any CPU.Build.0 = Debug|Any CPU
		{FE1F4E7A-06E8-4F48-ACBB-91DC5D867D5E}.Release|Any CPU.ActiveCfg = Release|Any CPU
		{FE1F4E7A-06E8-4F48-ACBB-91DC5D867D5E}.Release|Any CPU.Build.0 = Release|Any CPU
		{70248267-D0DD-4A3C-BD5A-56FDE4FE14A2}.Debug|Any CPU.ActiveCfg = Debug|Any CPU
		{70248267-D0DD-4A3C-BD5A-56FDE4FE14A2}.Debug|Any CPU.Build.0 = Debug|Any CPU
		{70248267-D0DD-4A3C-BD5A-56FDE4FE14A2}.Debug|Any CPU.Deploy.0 = Debug|Any CPU
		{70248267-D0DD-4A3C-BD5A-56FDE4FE14A2}.Release|Any CPU.ActiveCfg = Release|Any CPU
		{70248267-D0DD-4A3C-BD5A-56FDE4FE14A2}.Release|Any CPU.Build.0 = Release|Any CPU
		{70248267-D0DD-4A3C-BD5A-56FDE4FE14A2}.Release|Any CPU.Deploy.0 = Release|Any CPU
		{D97C5497-55B3-480A-8724-8D8649CDEAC5}.Debug|Any CPU.ActiveCfg = Debug|Any CPU
		{D97C5497-55B3-480A-8724-8D8649CDEAC5}.Debug|Any CPU.Build.0 = Debug|Any CPU
		{D97C5497-55B3-480A-8724-8D8649CDEAC5}.Release|Any CPU.ActiveCfg = Release|Any CPU
		{D97C5497-55B3-480A-8724-8D8649CDEAC5}.Release|Any CPU.Build.0 = Release|Any CPU
		{3F5D1A65-1AE8-460D-89D5-D911F8B2D185}.Debug|Any CPU.ActiveCfg = Debug|Any CPU
		{3F5D1A65-1AE8-460D-89D5-D911F8B2D185}.Debug|Any CPU.Build.0 = Debug|Any CPU
		{3F5D1A65-1AE8-460D-89D5-D911F8B2D185}.Release|Any CPU.ActiveCfg = Release|Any CPU
		{3F5D1A65-1AE8-460D-89D5-D911F8B2D185}.Release|Any CPU.Build.0 = Release|Any CPU
		{BB03E567-DF4C-4BF9-99A6-B1977E6895E9}.Debug|Any CPU.ActiveCfg = Debug|Any CPU
		{BB03E567-DF4C-4BF9-99A6-B1977E6895E9}.Debug|Any CPU.Build.0 = Debug|Any CPU
		{BB03E567-DF4C-4BF9-99A6-B1977E6895E9}.Release|Any CPU.ActiveCfg = Release|Any CPU
		{BB03E567-DF4C-4BF9-99A6-B1977E6895E9}.Release|Any CPU.Build.0 = Release|Any CPU
	EndGlobalSection
	GlobalSection(SolutionProperties) = preSolution
		HideSolutionNode = FALSE
	EndGlobalSection
	GlobalSection(ExtensibilityGlobals) = postSolution
		SolutionGuid = {885FC217-AB84-4DE2-B6FD-49A4377287DD}
	EndGlobalSection
EndGlobal
