
Microsoft Visual Studio Solution File, Format Version 12.00
# Visual Studio Version 17
VisualStudioVersion = 17.8.34330.188
MinimumVisualStudioVersion = 10.0.40219.1
Project("{00D1A9C2-B5F0-4AF3-8072-F6C62B433612}") = "TaskFocusData", "Database\TaskFocusData\TaskFocusData.sqlproj", "{70248267-D0DD-4A3C-BD5A-56FDE4FE14A2}"
EndProject
Project("{9A19103F-16F7-4668-BE54-9A1E7A4F7556}") = "TaskFocusAPI.Library", "API\TaskFocusAPI.Library\TaskFocusAPI.Library.csproj", "{3F5D1A65-1AE8-460D-89D5-D911F8B2D185}"
EndProject
Project("{2150E333-8FDC-42A3-9474-1A3956D46DE8}") = "Database", "Database", "{DA64910E-5490-4963-AE50-200300C5ABD5}"
EndProject
Project("{2150E333-8FDC-42A3-9474-1A3956D46DE8}") = "API", "API", "{1DF0F55D-196B-4919-A210-E33550F5AED9}"
EndProject
Project("{9A19103F-16F7-4668-BE54-9A1E7A4F7556}") = "TaskFocusAPI", "API\TaskFocusAPI\TaskFocusAPI.csproj", "{93E7E61D-AEDA-4167-8F75-BE17A4E1E579}"
EndProject
Project("{2150E333-8FDC-42A3-9474-1A3956D46DE8}") = "UserInterface", "UserInterface", "{579F3AA3-14DE-498E-A717-40C6DBD5631F}"
EndProject
Project("{9A19103F-16F7-4668-BE54-9A1E7A4F7556}") = "TaskFocusDesktop", "UserInterface\TaskFocusDesktop\TaskFocusDesktop.csproj", "{0F61A32F-C8BC-419C-AAC1-211697CF0063}"
EndProject
Project("{9A19103F-16F7-4668-BE54-9A1E7A4F7556}") = "TaskFocusUI.Library", "UserInterface\TaskFocusUI.Library\TaskFocusUI.Library.csproj", "{FBFEF56A-04F8-480B-B3ED-99645115D586}"
EndProject
Project("{9A19103F-16F7-4668-BE54-9A1E7A4F7556}") = "TaskFocusWeb", "UserInterface\TaskFocusWeb\TaskFocusWeb.csproj", "{F6AC432E-8EB4-451A-90DC-978149B97B9F}"
EndProject
Global
	GlobalSection(SolutionConfigurationPlatforms) = preSolution
		Debug|Any CPU = Debug|Any CPU
		Debug|x86 = Debug|x86
		Release|Any CPU = Release|Any CPU
		Release|x86 = Release|x86
	EndGlobalSection
	GlobalSection(ProjectConfigurationPlatforms) = postSolution
		{70248267-D0DD-4A3C-BD5A-56FDE4FE14A2}.Debug|Any CPU.ActiveCfg = Debug|Any CPU
		{70248267-D0DD-4A3C-BD5A-56FDE4FE14A2}.Debug|Any CPU.Build.0 = Debug|Any CPU
		{70248267-D0DD-4A3C-BD5A-56FDE4FE14A2}.Debug|Any CPU.Deploy.0 = Debug|Any CPU
		{70248267-D0DD-4A3C-BD5A-56FDE4FE14A2}.Debug|x86.ActiveCfg = Debug|x86
		{70248267-D0DD-4A3C-BD5A-56FDE4FE14A2}.Debug|x86.Build.0 = Debug|x86
		{70248267-D0DD-4A3C-BD5A-56FDE4FE14A2}.Debug|x86.Deploy.0 = Debug|x86
		{70248267-D0DD-4A3C-BD5A-56FDE4FE14A2}.Release|Any CPU.ActiveCfg = Release|Any CPU
		{70248267-D0DD-4A3C-BD5A-56FDE4FE14A2}.Release|Any CPU.Build.0 = Release|Any CPU
		{70248267-D0DD-4A3C-BD5A-56FDE4FE14A2}.Release|Any CPU.Deploy.0 = Release|Any CPU
		{70248267-D0DD-4A3C-BD5A-56FDE4FE14A2}.Release|x86.ActiveCfg = Release|x86
		{70248267-D0DD-4A3C-BD5A-56FDE4FE14A2}.Release|x86.Build.0 = Release|x86
		{70248267-D0DD-4A3C-BD5A-56FDE4FE14A2}.Release|x86.Deploy.0 = Release|x86
		{3F5D1A65-1AE8-460D-89D5-D911F8B2D185}.Debug|Any CPU.ActiveCfg = Debug|Any CPU
		{3F5D1A65-1AE8-460D-89D5-D911F8B2D185}.Debug|Any CPU.Build.0 = Debug|Any CPU
		{3F5D1A65-1AE8-460D-89D5-D911F8B2D185}.Debug|x86.ActiveCfg = Debug|x86
		{3F5D1A65-1AE8-460D-89D5-D911F8B2D185}.Debug|x86.Build.0 = Debug|x86
		{3F5D1A65-1AE8-460D-89D5-D911F8B2D185}.Release|Any CPU.ActiveCfg = Release|Any CPU
		{3F5D1A65-1AE8-460D-89D5-D911F8B2D185}.Release|Any CPU.Build.0 = Release|Any CPU
		{3F5D1A65-1AE8-460D-89D5-D911F8B2D185}.Release|x86.ActiveCfg = Release|x86
		{3F5D1A65-1AE8-460D-89D5-D911F8B2D185}.Release|x86.Build.0 = Release|x86
		{93E7E61D-AEDA-4167-8F75-BE17A4E1E579}.Debug|Any CPU.ActiveCfg = Debug|Any CPU
		{93E7E61D-AEDA-4167-8F75-BE17A4E1E579}.Debug|Any CPU.Build.0 = Debug|Any CPU
		{93E7E61D-AEDA-4167-8F75-BE17A4E1E579}.Debug|x86.ActiveCfg = Debug|x86
		{93E7E61D-AEDA-4167-8F75-BE17A4E1E579}.Debug|x86.Build.0 = Debug|x86
		{93E7E61D-AEDA-4167-8F75-BE17A4E1E579}.Release|Any CPU.ActiveCfg = Release|Any CPU
		{93E7E61D-AEDA-4167-8F75-BE17A4E1E579}.Release|Any CPU.Build.0 = Release|Any CPU
		{93E7E61D-AEDA-4167-8F75-BE17A4E1E579}.Release|x86.ActiveCfg = Release|x86
		{93E7E61D-AEDA-4167-8F75-BE17A4E1E579}.Release|x86.Build.0 = Release|x86
		{0F61A32F-C8BC-419C-AAC1-211697CF0063}.Debug|Any CPU.ActiveCfg = Debug|Any CPU
		{0F61A32F-C8BC-419C-AAC1-211697CF0063}.Debug|Any CPU.Build.0 = Debug|Any CPU
		{0F61A32F-C8BC-419C-AAC1-211697CF0063}.Debug|x86.ActiveCfg = Debug|x86
		{0F61A32F-C8BC-419C-AAC1-211697CF0063}.Debug|x86.Build.0 = Debug|x86
		{0F61A32F-C8BC-419C-AAC1-211697CF0063}.Release|Any CPU.ActiveCfg = Release|Any CPU
		{0F61A32F-C8BC-419C-AAC1-211697CF0063}.Release|Any CPU.Build.0 = Release|Any CPU
		{0F61A32F-C8BC-419C-AAC1-211697CF0063}.Release|x86.ActiveCfg = Release|x86
		{0F61A32F-C8BC-419C-AAC1-211697CF0063}.Release|x86.Build.0 = Release|x86
		{FBFEF56A-04F8-480B-B3ED-99645115D586}.Debug|Any CPU.ActiveCfg = Debug|Any CPU
		{FBFEF56A-04F8-480B-B3ED-99645115D586}.Debug|Any CPU.Build.0 = Debug|Any CPU
		{FBFEF56A-04F8-480B-B3ED-99645115D586}.Debug|x86.ActiveCfg = Debug|x86
		{FBFEF56A-04F8-480B-B3ED-99645115D586}.Debug|x86.Build.0 = Debug|x86
		{FBFEF56A-04F8-480B-B3ED-99645115D586}.Release|Any CPU.ActiveCfg = Release|Any CPU
		{FBFEF56A-04F8-480B-B3ED-99645115D586}.Release|Any CPU.Build.0 = Release|Any CPU
		{FBFEF56A-04F8-480B-B3ED-99645115D586}.Release|x86.ActiveCfg = Release|x86
		{FBFEF56A-04F8-480B-B3ED-99645115D586}.Release|x86.Build.0 = Release|x86
		{F6AC432E-8EB4-451A-90DC-978149B97B9F}.Debug|Any CPU.ActiveCfg = Debug|Any CPU
		{F6AC432E-8EB4-451A-90DC-978149B97B9F}.Debug|Any CPU.Build.0 = Debug|Any CPU
		{F6AC432E-8EB4-451A-90DC-978149B97B9F}.Debug|x86.ActiveCfg = Debug|x86
		{F6AC432E-8EB4-451A-90DC-978149B97B9F}.Debug|x86.Build.0 = Debug|x86
		{F6AC432E-8EB4-451A-90DC-978149B97B9F}.Release|Any CPU.ActiveCfg = Release|Any CPU
		{F6AC432E-8EB4-451A-90DC-978149B97B9F}.Release|Any CPU.Build.0 = Release|Any CPU
		{F6AC432E-8EB4-451A-90DC-978149B97B9F}.Release|x86.ActiveCfg = Release|x86
		{F6AC432E-8EB4-451A-90DC-978149B97B9F}.Release|x86.Build.0 = Release|x86
	EndGlobalSection
	GlobalSection(SolutionProperties) = preSolution
		HideSolutionNode = FALSE
	EndGlobalSection
	GlobalSection(NestedProjects) = preSolution
		{70248267-D0DD-4A3C-BD5A-56FDE4FE14A2} = {DA64910E-5490-4963-AE50-200300C5ABD5}
		{3F5D1A65-1AE8-460D-89D5-D911F8B2D185} = {1DF0F55D-196B-4919-A210-E33550F5AED9}
		{93E7E61D-AEDA-4167-8F75-BE17A4E1E579} = {1DF0F55D-196B-4919-A210-E33550F5AED9}
		{0F61A32F-C8BC-419C-AAC1-211697CF0063} = {579F3AA3-14DE-498E-A717-40C6DBD5631F}
		{FBFEF56A-04F8-480B-B3ED-99645115D586} = {579F3AA3-14DE-498E-A717-40C6DBD5631F}
		{F6AC432E-8EB4-451A-90DC-978149B97B9F} = {579F3AA3-14DE-498E-A717-40C6DBD5631F}
	EndGlobalSection
	GlobalSection(ExtensibilityGlobals) = postSolution
		SolutionGuid = {885FC217-AB84-4DE2-B6FD-49A4377287DD}
	EndGlobalSection
EndGlobal
